
Microsoft Visual Studio Solution File, Format Version 12.00
# Visual Studio Version 17
VisualStudioVersion = 17.14.36603.0
MinimumVisualStudioVersion = 10.0.40219.1
Project("{2150E333-8FDC-42A3-9474-1A3956D46DE8}") = "stream-file", "stream-file", "{02EA681E-C7D8-13C7-8484-4AC65E1B71E8}"
EndProject
Project("{FAE04EC0-301F-11D3-BF4B-00C04F79EFBC}") = "ndir", "stream-file\ndir\ndir.csproj", "{2892F12A-986E-465C-8A1F-558FF3D79437}"
EndProject
Project("{FAE04EC0-301F-11D3-BF4B-00C04F79EFBC}") = "ncopy", "stream-file\ncopy\ncopy.csproj", "{2892F12A-986E-465C-8A1F-558FF3D79457}"
EndProject
Project("{2150E333-8FDC-42A3-9474-1A3956D46DE8}") = "nfind", "nfind", "{A2A37C8C-37DE-4279-A742-734E09D89A35}"
EndProject
Project("{FAE04EC0-301F-11D3-BF4B-00C04F79EFBC}") = "NFind", "nfind\NFind\NFind.csproj", "{2892F12A-986E-465C-8A1F-558FF3D79417}"
EndProject
Project("{FAE04EC0-301F-11D3-BF4B-00C04F79EFBC}") = "NFindTests", "nfind\NFindTests\NFindTests.csproj", "{2892F12A-986E-465C-8A1F-558FF3D79427}"
EndProject
Project("{2150E333-8FDC-42A3-9474-1A3956D46DE8}") = "database-to-go", "database-to-go", "{02EA681E-C7D8-13C7-8484-4AC65E1B57A5}"
EndProject
Project("{FAE04EC0-301F-11D3-BF4B-00C04F79EFBC}") = "HR", "database-to-go\HR\HR.csproj", "{2892F12A-986E-465C-8A1F-558FF3D79467}"
EndProject
Project("{2150E333-8FDC-42A3-9474-1A3956D46DE8}") = "DBExporter", "DBExporter", "{02EA681E-C7D8-13C7-8484-4AC65E1B57A6}"
EndProject
Project("{FAE04EC0-301F-11D3-BF4B-00C04F79EFBC}") = "DBExporter", "database-to-go\DBExporter\DBExporter\DBExporter.csproj", "{2892F12A-986E-465C-8A1F-558FF3D79401}"
EndProject
Project("{FAE04EC0-301F-11D3-BF4B-00C04F79EFBC}") = "DBExport.DatabaseWriter.Abstractions", "database-to-go\DBExporter\DBExport.DatabaseWriter.Abstractions\DBExport.DatabaseWriter.Abstractions.csproj", "{2892F12A-986E-465C-8A1F-558FF3D79402}"
EndProject
Project("{FAE04EC0-301F-11D3-BF4B-00C04F79EFBC}") = "DBExporter.DatabaseBuilders", "database-to-go\DBExporter\DBExporter.DatabaseBuilders\DBExporter.DatabaseBuilders.csproj", "{2892F12A-986E-465C-8A1F-558FF3D79403}"
EndProject
Project("{FAE04EC0-301F-11D3-BF4B-00C04F79EFBC}") = "DBExporter.DatabaseBuilders.SqlServer", "database-to-go\DBExporter\DBExporter.DatabaseBuilders.SqlServer\DBExporter.DatabaseBuilders.SqlServer.csproj", "{2892F12A-986E-465C-8A1F-558FF3D79404}"
EndProject
Project("{FAE04EC0-301F-11D3-BF4B-00C04F79EFBC}") = "DBExporter.DatabaseObjects", "database-to-go\DBExporter\DBExporter.DatabaseObjects\DBExporter.DatabaseObjects.csproj", "{2892F12A-986E-465C-8A1F-558FF3D79405}"
EndProject
Project("{FAE04EC0-301F-11D3-BF4B-00C04F79EFBC}") = "DBExporter.DatabaseWriter.Csv", "database-to-go\DBExporter\DBExporter.DatabaseWriter.Csv\DBExporter.DatabaseWriter.Csv.csproj", "{2892F12A-986E-465C-8A1F-558FF3D79406}"
EndProject
Project("{FAE04EC0-301F-11D3-BF4B-00C04F79EFBC}") = "DBExporter.Helpers", "database-to-go\DBExporter\DBExporter.Helpers\DBExporter.Helpers.csproj", "{2892F12A-986E-465C-8A1F-558FF3D79407}"
EndProject
Project("{FAE04EC0-301F-11D3-BF4B-00C04F79EFBC}") = "DBExporter.Options", "database-to-go\DBExporter\DBExporter.Options\DBExporter.Options.csproj", "{2892F12A-986E-465C-8A1F-558FF3D79408}"
EndProject
Project("{FAE04EC0-301F-11D3-BF4B-00C04F79EFBC}") = "OptionsBuilderTests", "database-to-go\DBExporter\OptionsBuilderTests\OptionsBuilderTests.csproj", "{2892F12A-986E-465C-8A1F-558FF3D79409}"
EndProject
Project("{2150E333-8FDC-42A3-9474-1A3956D46DE8}") = "multi-thread", "multi-thread", "{02EA681E-C7D8-13C7-8484-4AC65E1B57A1}"
EndProject
Project("{FAE04EC0-301F-11D3-BF4B-00C04F79EFBC}") = "CriticalSectionDemo", "multi-thread\CriticalSectionDemo\CriticalSectionDemo.csproj", "{2892F12A-986E-465C-8A1F-558FF3D794B1}"
EndProject
Project("{FAE04EC0-301F-11D3-BF4B-00C04F79EFBC}") = "EventWaitHandleDemo", "multi-thread\EventWaitHandleDemo\EventWaitHandleDemo.csproj", "{2892F12A-986E-465C-8A1F-558FF3D794B2}"
EndProject
Project("{FAE04EC0-301F-11D3-BF4B-00C04F79EFBC}") = "MultiThreadDemo", "multi-thread\MultiThreadDemo\MultiThreadDemo.csproj", "{2892F12A-986E-465C-8A1F-558FF3D794B3}"
EndProject
Project("{FAE04EC0-301F-11D3-BF4B-00C04F79EFBC}") = "SemaphoreDemo", "multi-thread\SemaphoreDemo\SemaphoreDemo.csproj", "{2892F12A-986E-465C-8A1F-558FF3D794B4}"
EndProject
Project("{2150E333-8FDC-42A3-9474-1A3956D46DE8}") = "async-await", "async-await", "{02EA681E-C7D8-13C7-8484-4AC65E1B57A2}"
EndProject
Project("{FAE04EC0-301F-11D3-BF4B-00C04F79EFBC}") = "AsyncDemo", "async-await\AsyncDemo\AsyncDemo.csproj", "{2892F12A-986E-465C-8A1F-558FF3D794B5}"
EndProject
Project("{FAE04EC0-301F-11D3-BF4B-00C04F79EFBC}") = "Task-Samples", "async-await\Task-Samples\Task-Samples.csproj", "{2892F12A-986E-465C-8A1F-558FF3D794B6}"
EndProject
Project("{2150E333-8FDC-42A3-9474-1A3956D46DE8}") = "client-server-socket", "client-server-socket", "{02EA681E-C7D8-13C7-8484-4AC65E1B57A3}"
EndProject
Project("{FAE04EC0-301F-11D3-BF4B-00C04F79EFBC}") = "ChatClient", "client-server-socket\ChatClient\ChatClient.csproj", "{2892F12A-986E-465C-8A1F-558FF3D794B7}"
EndProject
Project("{FAE04EC0-301F-11D3-BF4B-00C04F79EFBC}") = "ChatProtocol", "client-server-socket\ChatProtocol\ChatProtocol.csproj", "{2892F12A-986E-465C-8A1F-558FF3D794B8}"
EndProject
Project("{FAE04EC0-301F-11D3-BF4B-00C04F79EFBC}") = "ChatServer", "client-server-socket\ChatServer\ChatServer.csproj", "{2892F12A-986E-465C-8A1F-558FF3D794B9}"
EndProject
Global
	GlobalSection(SolutionConfigurationPlatforms) = preSolution
		Debug|Any CPU = Debug|Any CPU
		Release|Any CPU = Release|Any CPU
	EndGlobalSection
	GlobalSection(ProjectConfigurationPlatforms) = postSolution
		{2892F12A-986E-465C-8A1F-558FF3D79437}.Debug|Any CPU.ActiveCfg = Debug|Any CPU
		{2892F12A-986E-465C-8A1F-558FF3D79437}.Debug|Any CPU.Build.0 = Debug|Any CPU
		{2892F12A-986E-465C-8A1F-558FF3D79437}.Release|Any CPU.ActiveCfg = Release|Any CPU
		{2892F12A-986E-465C-8A1F-558FF3D79437}.Release|Any CPU.Build.0 = Release|Any CPU
		{2892F12A-986E-465C-8A1F-558FF3D79457}.Debug|Any CPU.ActiveCfg = Debug|Any CPU
		{2892F12A-986E-465C-8A1F-558FF3D79457}.Debug|Any CPU.Build.0 = Debug|Any CPU
		{2892F12A-986E-465C-8A1F-558FF3D79457}.Release|Any CPU.ActiveCfg = Release|Any CPU
		{2892F12A-986E-465C-8A1F-558FF3D79457}.Release|Any CPU.Build.0 = Release|Any CPU
		{2892F12A-986E-465C-8A1F-558FF3D79417}.Debug|Any CPU.ActiveCfg = Debug|Any CPU
		{2892F12A-986E-465C-8A1F-558FF3D79417}.Debug|Any CPU.Build.0 = Debug|Any CPU
		{2892F12A-986E-465C-8A1F-558FF3D79417}.Release|Any CPU.ActiveCfg = Release|Any CPU
		{2892F12A-986E-465C-8A1F-558FF3D79417}.Release|Any CPU.Build.0 = Release|Any CPU
		{2892F12A-986E-465C-8A1F-558FF3D79427}.Debug|Any CPU.ActiveCfg = Debug|Any CPU
		{2892F12A-986E-465C-8A1F-558FF3D79427}.Debug|Any CPU.Build.0 = Debug|Any CPU
		{2892F12A-986E-465C-8A1F-558FF3D79427}.Release|Any CPU.ActiveCfg = Release|Any CPU
		{2892F12A-986E-465C-8A1F-558FF3D79427}.Release|Any CPU.Build.0 = Release|Any CPU
		{2892F12A-986E-465C-8A1F-558FF3D79467}.Debug|Any CPU.ActiveCfg = Debug|Any CPU
		{2892F12A-986E-465C-8A1F-558FF3D79467}.Debug|Any CPU.Build.0 = Debug|Any CPU
		{2892F12A-986E-465C-8A1F-558FF3D79467}.Release|Any CPU.ActiveCfg = Release|Any CPU
		{2892F12A-986E-465C-8A1F-558FF3D79467}.Release|Any CPU.Build.0 = Release|Any CPU
		{2892F12A-986E-465C-8A1F-558FF3D79401}.Debug|Any CPU.ActiveCfg = Debug|Any CPU
		{2892F12A-986E-465C-8A1F-558FF3D79401}.Debug|Any CPU.Build.0 = Debug|Any CPU
		{2892F12A-986E-465C-8A1F-558FF3D79401}.Release|Any CPU.ActiveCfg = Release|Any CPU
		{2892F12A-986E-465C-8A1F-558FF3D79401}.Release|Any CPU.Build.0 = Release|Any CPU
		{2892F12A-986E-465C-8A1F-558FF3D79402}.Debug|Any CPU.ActiveCfg = Debug|Any CPU
		{2892F12A-986E-465C-8A1F-558FF3D79402}.Debug|Any CPU.Build.0 = Debug|Any CPU
		{2892F12A-986E-465C-8A1F-558FF3D79402}.Release|Any CPU.ActiveCfg = Release|Any CPU
		{2892F12A-986E-465C-8A1F-558FF3D79402}.Release|Any CPU.Build.0 = Release|Any CPU
		{2892F12A-986E-465C-8A1F-558FF3D79403}.Debug|Any CPU.ActiveCfg = Debug|Any CPU
		{2892F12A-986E-465C-8A1F-558FF3D79403}.Debug|Any CPU.Build.0 = Debug|Any CPU
		{2892F12A-986E-465C-8A1F-558FF3D79403}.Release|Any CPU.ActiveCfg = Release|Any CPU
		{2892F12A-986E-465C-8A1F-558FF3D79403}.Release|Any CPU.Build.0 = Release|Any CPU
		{2892F12A-986E-465C-8A1F-558FF3D79404}.Debug|Any CPU.ActiveCfg = Debug|Any CPU
		{2892F12A-986E-465C-8A1F-558FF3D79404}.Debug|Any CPU.Build.0 = Debug|Any CPU
		{2892F12A-986E-465C-8A1F-558FF3D79404}.Release|Any CPU.ActiveCfg = Release|Any CPU
		{2892F12A-986E-465C-8A1F-558FF3D79404}.Release|Any CPU.Build.0 = Release|Any CPU
		{2892F12A-986E-465C-8A1F-558FF3D79405}.Debug|Any CPU.ActiveCfg = Debug|Any CPU
		{2892F12A-986E-465C-8A1F-558FF3D79405}.Debug|Any CPU.Build.0 = Debug|Any CPU
		{2892F12A-986E-465C-8A1F-558FF3D79405}.Release|Any CPU.ActiveCfg = Release|Any CPU
		{2892F12A-986E-465C-8A1F-558FF3D79405}.Release|Any CPU.Build.0 = Release|Any CPU
		{2892F12A-986E-465C-8A1F-558FF3D79406}.Debug|Any CPU.ActiveCfg = Debug|Any CPU
		{2892F12A-986E-465C-8A1F-558FF3D79406}.Debug|Any CPU.Build.0 = Debug|Any CPU
		{2892F12A-986E-465C-8A1F-558FF3D79406}.Release|Any CPU.ActiveCfg = Release|Any CPU
		{2892F12A-986E-465C-8A1F-558FF3D79406}.Release|Any CPU.Build.0 = Release|Any CPU
		{2892F12A-986E-465C-8A1F-558FF3D79407}.Debug|Any CPU.ActiveCfg = Debug|Any CPU
		{2892F12A-986E-465C-8A1F-558FF3D79407}.Debug|Any CPU.Build.0 = Debug|Any CPU
		{2892F12A-986E-465C-8A1F-558FF3D79407}.Release|Any CPU.ActiveCfg = Release|Any CPU
		{2892F12A-986E-465C-8A1F-558FF3D79407}.Release|Any CPU.Build.0 = Release|Any CPU
		{2892F12A-986E-465C-8A1F-558FF3D79408}.Debug|Any CPU.ActiveCfg = Debug|Any CPU
		{2892F12A-986E-465C-8A1F-558FF3D79408}.Debug|Any CPU.Build.0 = Debug|Any CPU
		{2892F12A-986E-465C-8A1F-558FF3D79408}.Release|Any CPU.ActiveCfg = Release|Any CPU
		{2892F12A-986E-465C-8A1F-558FF3D79408}.Release|Any CPU.Build.0 = Release|Any CPU
		{2892F12A-986E-465C-8A1F-558FF3D79409}.Debug|Any CPU.ActiveCfg = Debug|Any CPU
		{2892F12A-986E-465C-8A1F-558FF3D79409}.Debug|Any CPU.Build.0 = Debug|Any CPU
		{2892F12A-986E-465C-8A1F-558FF3D79409}.Release|Any CPU.ActiveCfg = Release|Any CPU
		{2892F12A-986E-465C-8A1F-558FF3D79409}.Release|Any CPU.Build.0 = Release|Any CPU
		{2892F12A-986E-465C-8A1F-558FF3D794B1}.Debug|Any CPU.ActiveCfg = Debug|Any CPU
		{2892F12A-986E-465C-8A1F-558FF3D794B1}.Debug|Any CPU.Build.0 = Debug|Any CPU
		{2892F12A-986E-465C-8A1F-558FF3D794B1}.Release|Any CPU.ActiveCfg = Release|Any CPU
		{2892F12A-986E-465C-8A1F-558FF3D794B1}.Release|Any CPU.Build.0 = Release|Any CPU
		{2892F12A-986E-465C-8A1F-558FF3D794B2}.Debug|Any CPU.ActiveCfg = Debug|Any CPU
		{2892F12A-986E-465C-8A1F-558FF3D794B2}.Debug|Any CPU.Build.0 = Debug|Any CPU
		{2892F12A-986E-465C-8A1F-558FF3D794B2}.Release|Any CPU.ActiveCfg = Release|Any CPU
		{2892F12A-986E-465C-8A1F-558FF3D794B2}.Release|Any CPU.Build.0 = Release|Any CPU
		{2892F12A-986E-465C-8A1F-558FF3D794B3}.Debug|Any CPU.ActiveCfg = Debug|Any CPU
		{2892F12A-986E-465C-8A1F-558FF3D794B3}.Debug|Any CPU.Build.0 = Debug|Any CPU
		{2892F12A-986E-465C-8A1F-558FF3D794B3}.Release|Any CPU.ActiveCfg = Release|Any CPU
		{2892F12A-986E-465C-8A1F-558FF3D794B3}.Release|Any CPU.Build.0 = Release|Any CPU
		{2892F12A-986E-465C-8A1F-558FF3D794B4}.Debug|Any CPU.ActiveCfg = Debug|Any CPU
		{2892F12A-986E-465C-8A1F-558FF3D794B4}.Debug|Any CPU.Build.0 = Debug|Any CPU
		{2892F12A-986E-465C-8A1F-558FF3D794B4}.Release|Any CPU.ActiveCfg = Release|Any CPU
		{2892F12A-986E-465C-8A1F-558FF3D794B4}.Release|Any CPU.Build.0 = Release|Any CPU
		{2892F12A-986E-465C-8A1F-558FF3D794B5}.Debug|Any CPU.ActiveCfg = Debug|Any CPU
		{2892F12A-986E-465C-8A1F-558FF3D794B5}.Debug|Any CPU.Build.0 = Debug|Any CPU
		{2892F12A-986E-465C-8A1F-558FF3D794B5}.Release|Any CPU.ActiveCfg = Release|Any CPU
		{2892F12A-986E-465C-8A1F-558FF3D794B5}.Release|Any CPU.Build.0 = Release|Any CPU
		{2892F12A-986E-465C-8A1F-558FF3D794B6}.Debug|Any CPU.ActiveCfg = Debug|Any CPU
		{2892F12A-986E-465C-8A1F-558FF3D794B6}.Debug|Any CPU.Build.0 = Debug|Any CPU
		{2892F12A-986E-465C-8A1F-558FF3D794B6}.Release|Any CPU.ActiveCfg = Release|Any CPU
		{2892F12A-986E-465C-8A1F-558FF3D794B6}.Release|Any CPU.Build.0 = Release|Any CPU
		{2892F12A-986E-465C-8A1F-558FF3D794B7}.Debug|Any CPU.ActiveCfg = Debug|Any CPU
		{2892F12A-986E-465C-8A1F-558FF3D794B7}.Debug|Any CPU.Build.0 = Debug|Any CPU
		{2892F12A-986E-465C-8A1F-558FF3D794B7}.Release|Any CPU.ActiveCfg = Release|Any CPU
		{2892F12A-986E-465C-8A1F-558FF3D794B7}.Release|Any CPU.Build.0 = Release|Any CPU
		{2892F12A-986E-465C-8A1F-558FF3D794B8}.Debug|Any CPU.ActiveCfg = Debug|Any CPU
		{2892F12A-986E-465C-8A1F-558FF3D794B8}.Debug|Any CPU.Build.0 = Debug|Any CPU
		{2892F12A-986E-465C-8A1F-558FF3D794B8}.Release|Any CPU.ActiveCfg = Release|Any CPU
		{2892F12A-986E-465C-8A1F-558FF3D794B8}.Release|Any CPU.Build.0 = Release|Any CPU
		{2892F12A-986E-465C-8A1F-558FF3D794B9}.Debug|Any CPU.ActiveCfg = Debug|Any CPU
		{2892F12A-986E-465C-8A1F-558FF3D794B9}.Debug|Any CPU.Build.0 = Debug|Any CPU
		{2892F12A-986E-465C-8A1F-558FF3D794B9}.Release|Any CPU.ActiveCfg = Release|Any CPU
		{2892F12A-986E-465C-8A1F-558FF3D794B9}.Release|Any CPU.Build.0 = Release|Any CPU
	EndGlobalSection
	GlobalSection(SolutionProperties) = preSolution
		HideSolutionNode = FALSE
	EndGlobalSection
	GlobalSection(NestedProjects) = preSolution
		{2892F12A-986E-465C-8A1F-558FF3D79437} = {02EA681E-C7D8-13C7-8484-4AC65E1B71E8}
		{2892F12A-986E-465C-8A1F-558FF3D79457} = {02EA681E-C7D8-13C7-8484-4AC65E1B71E8}
		{2892F12A-986E-465C-8A1F-558FF3D79417} = {A2A37C8C-37DE-4279-A742-734E09D89A35}
		{2892F12A-986E-465C-8A1F-558FF3D79427} = {A2A37C8C-37DE-4279-A742-734E09D89A35}
		{2892F12A-986E-465C-8A1F-558FF3D79467} = {02EA681E-C7D8-13C7-8484-4AC65E1B57A5}
		{02EA681E-C7D8-13C7-8484-4AC65E1B57A6} = {02EA681E-C7D8-13C7-8484-4AC65E1B57A5}
		{2892F12A-986E-465C-8A1F-558FF3D79401} = {02EA681E-C7D8-13C7-8484-4AC65E1B57A6}
		{2892F12A-986E-465C-8A1F-558FF3D79402} = {02EA681E-C7D8-13C7-8484-4AC65E1B57A6}
		{2892F12A-986E-465C-8A1F-558FF3D79403} = {02EA681E-C7D8-13C7-8484-4AC65E1B57A6}
		{2892F12A-986E-465C-8A1F-558FF3D79404} = {02EA681E-C7D8-13C7-8484-4AC65E1B57A6}
		{2892F12A-986E-465C-8A1F-558FF3D79405} = {02EA681E-C7D8-13C7-8484-4AC65E1B57A6}
		{2892F12A-986E-465C-8A1F-558FF3D79406} = {02EA681E-C7D8-13C7-8484-4AC65E1B57A6}
		{2892F12A-986E-465C-8A1F-558FF3D79407} = {02EA681E-C7D8-13C7-8484-4AC65E1B57A6}
		{2892F12A-986E-465C-8A1F-558FF3D79408} = {02EA681E-C7D8-13C7-8484-4AC65E1B57A6}
		{2892F12A-986E-465C-8A1F-558FF3D79409} = {02EA681E-C7D8-13C7-8484-4AC65E1B57A6}
		{2892F12A-986E-465C-8A1F-558FF3D794B1} = {02EA681E-C7D8-13C7-8484-4AC65E1B57A1}
		{2892F12A-986E-465C-8A1F-558FF3D794B2} = {02EA681E-C7D8-13C7-8484-4AC65E1B57A1}
		{2892F12A-986E-465C-8A1F-558FF3D794B3} = {02EA681E-C7D8-13C7-8484-4AC65E1B57A1}
		{2892F12A-986E-465C-8A1F-558FF3D794B4} = {02EA681E-C7D8-13C7-8484-4AC65E1B57A1}
		{2892F12A-986E-465C-8A1F-558FF3D794B5} = {02EA681E-C7D8-13C7-8484-4AC65E1B57A2}
		{2892F12A-986E-465C-8A1F-558FF3D794B6} = {02EA681E-C7D8-13C7-8484-4AC65E1B57A2}
		{2892F12A-986E-465C-8A1F-558FF3D794B7} = {02EA681E-C7D8-13C7-8484-4AC65E1B57A3}
		{2892F12A-986E-465C-8A1F-558FF3D794B8} = {02EA681E-C7D8-13C7-8484-4AC65E1B57A3}
		{2892F12A-986E-465C-8A1F-558FF3D794B9} = {02EA681E-C7D8-13C7-8484-4AC65E1B57A3}
	EndGlobalSection
	GlobalSection(ExtensibilityGlobals) = postSolution
		SolutionGuid = {B2823A3C-C8CE-4546-8EC0-D1EF2B728413}
	EndGlobalSection
EndGlobal
